
Microsoft Visual Studio Solution File, Format Version 12.00
# Visual Studio Version 17
VisualStudioVersion = 17.6.33723.286
MinimumVisualStudioVersion = 10.0.40219.1
Project("{2150E333-8FDC-42A3-9474-1A3956D46DE8}") = "Services", "Services", "{E25E279C-14D9-4557-9F67-A5E925968A0C}"
EndProject
Project("{FAE04EC0-301F-11D3-BF4B-00C04F79EFBC}") = "Catalog.API", "Services\Catalog.API\Catalog.API.csproj", "{EA6A5010-8FB6-403C-8E8B-F604CF96E1A9}"
EndProject
Global
	GlobalSection(SolutionConfigurationPlatforms) = preSolution
		Debug|Any CPU = Debug|Any CPU
		Release|Any CPU = Release|Any CPU
	EndGlobalSection
	GlobalSection(ProjectConfigurationPlatforms) = postSolution
		{EA6A5010-8FB6-403C-8E8B-F604CF96E1A9}.Debug|Any CPU.ActiveCfg = Debug|Any CPU
		{EA6A5010-8FB6-403C-8E8B-F604CF96E1A9}.Debug|Any CPU.Build.0 = Debug|Any CPU
		{EA6A5010-8FB6-403C-8E8B-F604CF96E1A9}.Release|Any CPU.ActiveCfg = Release|Any CPU
		{EA6A5010-8FB6-403C-8E8B-F604CF96E1A9}.Release|Any CPU.Build.0 = Release|Any CPU
	EndGlobalSection
	GlobalSection(SolutionProperties) = preSolution
		HideSolutionNode = FALSE
	EndGlobalSection
	GlobalSection(NestedProjects) = preSolution
		{EA6A5010-8FB6-403C-8E8B-F604CF96E1A9} = {E25E279C-14D9-4557-9F67-A5E925968A0C}
	EndGlobalSection
	GlobalSection(ExtensibilityGlobals) = postSolution
		SolutionGuid = {875A3C44-8F8C-4C01-A0A8-3814A96072A6}
	EndGlobalSection
EndGlobal
